// !$*UTF8*$!
{
	archiveVersion = 1;
	classes = {
	};
	objectVersion = 50;
	objects = {

/* Begin PBXBuildFile section */
		82E986BB23CDF24400BF6500 /* AppDelegate.swift in Sources */ = {isa = PBXBuildFile; fileRef = 82E986BA23CDF24400BF6500 /* AppDelegate.swift */; };
		82E986BD23CDF24400BF6500 /* SceneDelegate.swift in Sources */ = {isa = PBXBuildFile; fileRef = 82E986BC23CDF24400BF6500 /* SceneDelegate.swift */; };
		82E986BF23CDF24400BF6500 /* ListeController.swift in Sources */ = {isa = PBXBuildFile; fileRef = 82E986BE23CDF24400BF6500 /* ListeController.swift */; };
		82E986C223CDF24400BF6500 /* Main.storyboard in Resources */ = {isa = PBXBuildFile; fileRef = 82E986C023CDF24400BF6500 /* Main.storyboard */; };
		82E986C523CDF24400BF6500 /* CoData.xcdatamodeld in Sources */ = {isa = PBXBuildFile; fileRef = 82E986C323CDF24400BF6500 /* CoData.xcdatamodeld */; };
		82E986C723CDF24800BF6500 /* Assets.xcassets in Resources */ = {isa = PBXBuildFile; fileRef = 82E986C623CDF24800BF6500 /* Assets.xcassets */; };
		82E986CA23CDF24800BF6500 /* LaunchScreen.storyboard in Resources */ = {isa = PBXBuildFile; fileRef = 82E986C823CDF24800BF6500 /* LaunchScreen.storyboard */; };
		82E986D323CDF6E700BF6500 /* MaTabBarViewController.swift in Sources */ = {isa = PBXBuildFile; fileRef = 82E986D223CDF6E700BF6500 /* MaTabBarViewController.swift */; };
/* End PBXBuildFile section */

/* Begin PBXFileReference section */
		82E986B723CDF24400BF6500 /* CoData.app */ = {isa = PBXFileReference; explicitFileType = wrapper.application; includeInIndex = 0; path = CoData.app; sourceTree = BUILT_PRODUCTS_DIR; };
		82E986BA23CDF24400BF6500 /* AppDelegate.swift */ = {isa = PBXFileReference; lastKnownFileType = sourcecode.swift; path = AppDelegate.swift; sourceTree = "<group>"; };
		82E986BC23CDF24400BF6500 /* SceneDelegate.swift */ = {isa = PBXFileReference; lastKnownFileType = sourcecode.swift; path = SceneDelegate.swift; sourceTree = "<group>"; };
		82E986BE23CDF24400BF6500 /* ListeController.swift */ = {isa = PBXFileReference; lastKnownFileType = sourcecode.swift; path = ListeController.swift; sourceTree = "<group>"; };
		82E986C123CDF24400BF6500 /* Base */ = {isa = PBXFileReference; lastKnownFileType = file.storyboard; name = Base; path = Base.lproj/Main.storyboard; sourceTree = "<group>"; };
		82E986C423CDF24400BF6500 /* CoData.xcdatamodel */ = {isa = PBXFileReference; lastKnownFileType = wrapper.xcdatamodel; path = CoData.xcdatamodel; sourceTree = "<group>"; };
		82E986C623CDF24800BF6500 /* Assets.xcassets */ = {isa = PBXFileReference; lastKnownFileType = folder.assetcatalog; path = Assets.xcassets; sourceTree = "<group>"; };
		82E986C923CDF24800BF6500 /* Base */ = {isa = PBXFileReference; lastKnownFileType = file.storyboard; name = Base; path = Base.lproj/LaunchScreen.storyboard; sourceTree = "<group>"; };
		82E986CB23CDF24800BF6500 /* Info.plist */ = {isa = PBXFileReference; lastKnownFileType = text.plist.xml; path = Info.plist; sourceTree = "<group>"; };
		82E986D223CDF6E700BF6500 /* MaTabBarViewController.swift */ = {isa = PBXFileReference; lastKnownFileType = sourcecode.swift; path = MaTabBarViewController.swift; sourceTree = "<group>"; };
/* End PBXFileReference section */

/* Begin PBXFrameworksBuildPhase section */
		82E986B423CDF24400BF6500 /* Frameworks */ = {
			isa = PBXFrameworksBuildPhase;
			buildActionMask = 2147483647;
			files = (
			);
			runOnlyForDeploymentPostprocessing = 0;
		};
/* End PBXFrameworksBuildPhase section */

/* Begin PBXGroup section */
		82E986AE23CDF24400BF6500 = {
			isa = PBXGroup;
			children = (
				82E986B923CDF24400BF6500 /* CoData */,
				82E986B823CDF24400BF6500 /* Products */,
			);
			sourceTree = "<group>";
		};
		82E986B823CDF24400BF6500 /* Products */ = {
			isa = PBXGroup;
			children = (
				82E986B723CDF24400BF6500 /* CoData.app */,
			);
			name = Products;
			sourceTree = "<group>";
		};
		82E986B923CDF24400BF6500 /* CoData */ = {
			isa = PBXGroup;
			children = (
				82E986BC23CDF24400BF6500 /* SceneDelegate.swift */,
				82E986BA23CDF24400BF6500 /* AppDelegate.swift */,
				82E986D623CDF94400BF6500 /* interface builder */,
				82E986D523CDF93E00BF6500 /* Model */,
				82E986D423CDF93600BF6500 /* View */,
				82E986D123CDF6B200BF6500 /* Controller */,
				82E986C623CDF24800BF6500 /* Assets.xcassets */,
				82E986CB23CDF24800BF6500 /* Info.plist */,
				82E986C323CDF24400BF6500 /* CoData.xcdatamodeld */,
			);
			path = CoData;
			sourceTree = "<group>";
		};
		82E986D123CDF6B200BF6500 /* Controller */ = {
			isa = PBXGroup;
			children = (
				82E986BE23CDF24400BF6500 /* ListeController.swift */,
				82E986D223CDF6E700BF6500 /* MaTabBarViewController.swift */,
			);
			path = Controller;
			sourceTree = "<group>";
		};
		82E986D423CDF93600BF6500 /* View */ = {
			isa = PBXGroup;
			children = (
			);
			path = View;
			sourceTree = "<group>";
		};
		82E986D523CDF93E00BF6500 /* Model */ = {
			isa = PBXGroup;
			children = (
			);
			path = Model;
			sourceTree = "<group>";
		};
		82E986D623CDF94400BF6500 /* interface builder */ = {
			isa = PBXGroup;
			children = (
				82E986C823CDF24800BF6500 /* LaunchScreen.storyboard */,
				82E986C023CDF24400BF6500 /* Main.storyboard */,
			);
			path = "interface builder";
			sourceTree = "<group>";
		};
/* End PBXGroup section */

/* Begin PBXNativeTarget section */
		82E986B623CDF24400BF6500 /* CoData */ = {
			isa = PBXNativeTarget;
			buildConfigurationList = 82E986CE23CDF24800BF6500 /* Build configuration list for PBXNativeTarget "CoData" */;
			buildPhases = (
				82E986B323CDF24400BF6500 /* Sources */,
				82E986B423CDF24400BF6500 /* Frameworks */,
				82E986B523CDF24400BF6500 /* Resources */,
			);
			buildRules = (
			);
			dependencies = (
			);
			name = CoData;
			productName = CoData;
			productReference = 82E986B723CDF24400BF6500 /* CoData.app */;
			productType = "com.apple.product-type.application";
		};
/* End PBXNativeTarget section */

/* Begin PBXProject section */
		82E986AF23CDF24400BF6500 /* Project object */ = {
			isa = PBXProject;
			attributes = {
				LastSwiftUpdateCheck = 1130;
				LastUpgradeCheck = 1130;
				ORGANIZATIONNAME = Ddales;
				TargetAttributes = {
					82E986B623CDF24400BF6500 = {
						CreatedOnToolsVersion = 11.3;
					};
				};
			};
			buildConfigurationList = 82E986B223CDF24400BF6500 /* Build configuration list for PBXProject "CoData" */;
			compatibilityVersion = "Xcode 9.3";
			developmentRegion = en;
			hasScannedForEncodings = 0;
			knownRegions = (
				en,
				Base,
			);
			mainGroup = 82E986AE23CDF24400BF6500;
			productRefGroup = 82E986B823CDF24400BF6500 /* Products */;
			projectDirPath = "";
			projectRoot = "";
			targets = (
				82E986B623CDF24400BF6500 /* CoData */,
			);
		};
/* End PBXProject section */

/* Begin PBXResourcesBuildPhase section */
		82E986B523CDF24400BF6500 /* Resources */ = {
			isa = PBXResourcesBuildPhase;
			buildActionMask = 2147483647;
			files = (
				82E986CA23CDF24800BF6500 /* LaunchScreen.storyboard in Resources */,
				82E986C723CDF24800BF6500 /* Assets.xcassets in Resources */,
				82E986C223CDF24400BF6500 /* Main.storyboard in Resources */,
			);
			runOnlyForDeploymentPostprocessing = 0;
		};
/* End PBXResourcesBuildPhase section */

/* Begin PBXSourcesBuildPhase section */
		82E986B323CDF24400BF6500 /* Sources */ = {
			isa = PBXSourcesBuildPhase;
			buildActionMask = 2147483647;
			files = (
				82E986D323CDF6E700BF6500 /* MaTabBarViewController.swift in Sources */,
				82E986BF23CDF24400BF6500 /* ListeController.swift in Sources */,
				82E986BB23CDF24400BF6500 /* AppDelegate.swift in Sources */,
				82E986BD23CDF24400BF6500 /* SceneDelegate.swift in Sources */,
				82E986C523CDF24400BF6500 /* CoData.xcdatamodeld in Sources */,
			);
			runOnlyForDeploymentPostprocessing = 0;
		};
/* End PBXSourcesBuildPhase section */

/* Begin PBXVariantGroup section */
		82E986C023CDF24400BF6500 /* Main.storyboard */ = {
			isa = PBXVariantGroup;
			children = (
				82E986C123CDF24400BF6500 /* Base */,
			);
			name = Main.storyboard;
			sourceTree = "<group>";
		};
		82E986C823CDF24800BF6500 /* LaunchScreen.storyboard */ = {
			isa = PBXVariantGroup;
			children = (
				82E986C923CDF24800BF6500 /* Base */,
			);
			name = LaunchScreen.storyboard;
			sourceTree = "<group>";
		};
/* End PBXVariantGroup section */

/* Begin XCBuildConfiguration section */
		82E986CC23CDF24800BF6500 /* Debug */ = {
			isa = XCBuildConfiguration;
			buildSettings = {
				ALWAYS_SEARCH_USER_PATHS = NO;
				CLANG_ANALYZER_NONNULL = YES;
				CLANG_ANALYZER_NUMBER_OBJECT_CONVERSION = YES_AGGRESSIVE;
				CLANG_CXX_LANGUAGE_STANDARD = "gnu++14";
				CLANG_CXX_LIBRARY = "libc++";
				CLANG_ENABLE_MODULES = YES;
				CLANG_ENABLE_OBJC_ARC = YES;
				CLANG_ENABLE_OBJC_WEAK = YES;
				CLANG_WARN_BLOCK_CAPTURE_AUTORELEASING = YES;
				CLANG_WARN_BOOL_CONVERSION = YES;
				CLANG_WARN_COMMA = YES;
				CLANG_WARN_CONSTANT_CONVERSION = YES;
				CLANG_WARN_DEPRECATED_OBJC_IMPLEMENTATIONS = YES;
				CLANG_WARN_DIRECT_OBJC_ISA_USAGE = YES_ERROR;
				CLANG_WARN_DOCUMENTATION_COMMENTS = YES;
				CLANG_WARN_EMPTY_BODY = YES;
				CLANG_WARN_ENUM_CONVERSION = YES;
				CLANG_WARN_INFINITE_RECURSION = YES;
				CLANG_WARN_INT_CONVERSION = YES;
				CLANG_WARN_NON_LITERAL_NULL_CONVERSION = YES;
				CLANG_WARN_OBJC_IMPLICIT_RETAIN_SELF = YES;
				CLANG_WARN_OBJC_LITERAL_CONVERSION = YES;
				CLANG_WARN_OBJC_ROOT_CLASS = YES_ERROR;
				CLANG_WARN_RANGE_LOOP_ANALYSIS = YES;
				CLANG_WARN_STRICT_PROTOTYPES = YES;
				CLANG_WARN_SUSPICIOUS_MOVE = YES;
				CLANG_WARN_UNGUARDED_AVAILABILITY = YES_AGGRESSIVE;
				CLANG_WARN_UNREACHABLE_CODE = YES;
				CLANG_WARN__DUPLICATE_METHOD_MATCH = YES;
				COPY_PHASE_STRIP = NO;
				DEBUG_INFORMATION_FORMAT = dwarf;
				ENABLE_STRICT_OBJC_MSGSEND = YES;
				ENABLE_TESTABILITY = YES;
				GCC_C_LANGUAGE_STANDARD = gnu11;
				GCC_DYNAMIC_NO_PIC = NO;
				GCC_NO_COMMON_BLOCKS = YES;
				GCC_OPTIMIZATION_LEVEL = 0;
				GCC_PREPROCESSOR_DEFINITIONS = (
					"DEBUG=1",
					"$(inherited)",
				);
				GCC_WARN_64_TO_32_BIT_CONVERSION = YES;
				GCC_WARN_ABOUT_RETURN_TYPE = YES_ERROR;
				GCC_WARN_UNDECLARED_SELECTOR = YES;
				GCC_WARN_UNINITIALIZED_AUTOS = YES_AGGRESSIVE;
				GCC_WARN_UNUSED_FUNCTION = YES;
				GCC_WARN_UNUSED_VARIABLE = YES;
				IPHONEOS_DEPLOYMENT_TARGET = 13.2;
				MTL_ENABLE_DEBUG_INFO = INCLUDE_SOURCE;
				MTL_FAST_MATH = YES;
				ONLY_ACTIVE_ARCH = YES;
				SDKROOT = iphoneos;
				SWIFT_ACTIVE_COMPILATION_CONDITIONS = DEBUG;
				SWIFT_OPTIMIZATION_LEVEL = "-Onone";
			};
			name = Debug;
		};
		82E986CD23CDF24800BF6500 /* Release */ = {
			isa = XCBuildConfiguration;
			buildSettings = {
				ALWAYS_SEARCH_USER_PATHS = NO;
				CLANG_ANALYZER_NONNULL = YES;
				CLANG_ANALYZER_NUMBER_OBJECT_CONVERSION = YES_AGGRESSIVE;
				CLANG_CXX_LANGUAGE_STANDARD = "gnu++14";
				CLANG_CXX_LIBRARY = "libc++";
				CLANG_ENABLE_MODULES = YES;
				CLANG_ENABLE_OBJC_ARC = YES;
				CLANG_ENABLE_OBJC_WEAK = YES;
				CLANG_WARN_BLOCK_CAPTURE_AUTORELEASING = YES;
				CLANG_WARN_BOOL_CONVERSION = YES;
				CLANG_WARN_COMMA = YES;
				CLANG_WARN_CONSTANT_CONVERSION = YES;
				CLANG_WARN_DEPRECATED_OBJC_IMPLEMENTATIONS = YES;
				CLANG_WARN_DIRECT_OBJC_ISA_USAGE = YES_ERROR;
				CLANG_WARN_DOCUMENTATION_COMMENTS = YES;
				CLANG_WARN_EMPTY_BODY = YES;
				CLANG_WARN_ENUM_CONVERSION = YES;
				CLANG_WARN_INFINITE_RECURSION = YES;
				CLANG_WARN_INT_CONVERSION = YES;
				CLANG_WARN_NON_LITERAL_NULL_CONVERSION = YES;
				CLANG_WARN_OBJC_IMPLICIT_RETAIN_SELF = YES;
				CLANG_WARN_OBJC_LITERAL_CONVERSION = YES;
				CLANG_WARN_OBJC_ROOT_CLASS = YES_ERROR;
				CLANG_WARN_RANGE_LOOP_ANALYSIS = YES;
				CLANG_WARN_STRICT_PROTOTYPES = YES;
				CLANG_WARN_SUSPICIOUS_MOVE = YES;
				CLANG_WARN_UNGUARDED_AVAILABILITY = YES_AGGRESSIVE;
				CLANG_WARN_UNREACHABLE_CODE = YES;
				CLANG_WARN__DUPLICATE_METHOD_MATCH = YES;
				COPY_PHASE_STRIP = NO;
				DEBUG_INFORMATION_FORMAT = "dwarf-with-dsym";
				ENABLE_NS_ASSERTIONS = NO;
				ENABLE_STRICT_OBJC_MSGSEND = YES;
				GCC_C_LANGUAGE_STANDARD = gnu11;
				GCC_NO_COMMON_BLOCKS = YES;
				GCC_WARN_64_TO_32_BIT_CONVERSION = YES;
				GCC_WARN_ABOUT_RETURN_TYPE = YES_ERROR;
				GCC_WARN_UNDECLARED_SELECTOR = YES;
				GCC_WARN_UNINITIALIZED_AUTOS = YES_AGGRESSIVE;
				GCC_WARN_UNUSED_FUNCTION = YES;
				GCC_WARN_UNUSED_VARIABLE = YES;
				IPHONEOS_DEPLOYMENT_TARGET = 13.2;
				MTL_ENABLE_DEBUG_INFO = NO;
				MTL_FAST_MATH = YES;
				SDKROOT = iphoneos;
				SWIFT_COMPILATION_MODE = wholemodule;
				SWIFT_OPTIMIZATION_LEVEL = "-O";
				VALIDATE_PRODUCT = YES;
			};
			name = Release;
		};
		82E986CF23CDF24800BF6500 /* Debug */ = {
			isa = XCBuildConfiguration;
			buildSettings = {
				ASSETCATALOG_COMPILER_APPICON_NAME = AppIcon;
				CODE_SIGN_STYLE = Automatic;
				DEVELOPMENT_TEAM = TRW2A6247U;
				INFOPLIST_FILE = CoData/Info.plist;
				LD_RUNPATH_SEARCH_PATHS = (
					"$(inherited)",
					"@executable_path/Frameworks",
				);
				PRODUCT_BUNDLE_IDENTIFIER = cm.CoData;
				PRODUCT_NAME = "$(TARGET_NAME)";
				SWIFT_VERSION = 5.0;
				TARGETED_DEVICE_FAMILY = "1,2";
			};
			name = Debug;
		};
		82E986D023CDF24800BF6500 /* Release */ = {
			isa = XCBuildConfiguration;
			buildSettings = {
				ASSETCATALOG_COMPILER_APPICON_NAME = AppIcon;
				CODE_SIGN_STYLE = Automatic;
				DEVELOPMENT_TEAM = TRW2A6247U;
				INFOPLIST_FILE = CoData/Info.plist;
				LD_RUNPATH_SEARCH_PATHS = (
					"$(inherited)",
					"@executable_path/Frameworks",
				);
				PRODUCT_BUNDLE_IDENTIFIER = cm.CoData;
				PRODUCT_NAME = "$(TARGET_NAME)";
				SWIFT_VERSION = 5.0;
				TARGETED_DEVICE_FAMILY = "1,2";
			};
			name = Release;
		};
/* End XCBuildConfiguration section */

/* Begin XCConfigurationList section */
		82E986B223CDF24400BF6500 /* Build configuration list for PBXProject "CoData" */ = {
			isa = XCConfigurationList;
			buildConfigurations = (
				82E986CC23CDF24800BF6500 /* Debug */,
				82E986CD23CDF24800BF6500 /* Release */,
			);
			defaultConfigurationIsVisible = 0;
			defaultConfigurationName = Release;
		};
		82E986CE23CDF24800BF6500 /* Build configuration list for PBXNativeTarget "CoData" */ = {
			isa = XCConfigurationList;
			buildConfigurations = (
				82E986CF23CDF24800BF6500 /* Debug */,
				82E986D023CDF24800BF6500 /* Release */,
			);
			defaultConfigurationIsVisible = 0;
			defaultConfigurationName = Release;
		};
/* End XCConfigurationList section */

/* Begin XCVersionGroup section */
		82E986C323CDF24400BF6500 /* CoData.xcdatamodeld */ = {
			isa = XCVersionGroup;
			children = (
				82E986C423CDF24400BF6500 /* CoData.xcdatamodel */,
			);
			currentVersion = 82E986C423CDF24400BF6500 /* CoData.xcdatamodel */;
			path = CoData.xcdatamodeld;
			sourceTree = "<group>";
			versionGroupType = wrapper.xcdatamodel;
		};
/* End XCVersionGroup section */
	};
	rootObject = 82E986AF23CDF24400BF6500 /* Project object */;
}
